
Microsoft Visual Studio Solution File, Format Version 12.00
# Visual Studio Version 17
VisualStudioVersion = 17.9.34616.47
MinimumVisualStudioVersion = 10.0.40219.1
Project("{FAE04EC0-301F-11D3-BF4B-00C04F79EFBC}") = "SuperBattleCity", "TheGame\SuperBattleCity.csproj", "{58A6D5F2-429A-4F46-9E19-F98EC07279FF}"
EndProject
Global
	GlobalSection(SolutionConfigurationPlatforms) = preSolution
		Debug|Any CPU = Debug|Any CPU
		Release|Any CPU = Release|Any CPU
	EndGlobalSection
	GlobalSection(ProjectConfigurationPlatforms) = postSolution
		{58A6D5F2-429A-4F46-9E19-F98EC07279FF}.Debug|Any CPU.ActiveCfg = Debug|Any CPU
		{58A6D5F2-429A-4F46-9E19-F98EC07279FF}.Debug|Any CPU.Build.0 = Debug|Any CPU
		{58A6D5F2-429A-4F46-9E19-F98EC07279FF}.Release|Any CPU.ActiveCfg = Release|Any CPU
		{58A6D5F2-429A-4F46-9E19-F98EC07279FF}.Release|Any CPU.Build.0 = Release|Any CPU
	EndGlobalSection
	GlobalSection(SolutionProperties) = preSolution
		HideSolutionNode = FALSE
	EndGlobalSection
	GlobalSection(ExtensibilityGlobals) = postSolution
		SolutionGuid = {59E938E0-E22D-4901-8741-6ECB7C765E3E}
	EndGlobalSection
EndGlobal
